
Microsoft Visual Studio Solution File, Format Version 12.00
# Visual Studio Version 16
VisualStudioVersion = 16.0.31624.102
MinimumVisualStudioVersion = 10.0.40219.1
Project("{9A19103F-16F7-4668-BE54-9A1E7A4F7556}") = "DialogCreaterUI", "DialogCreaterUI\DialogCreaterUI.csproj", "{947A00A1-A751-4136-846F-78516AFF34F3}"
EndProject
Global
	GlobalSection(SolutionConfigurationPlatforms) = preSolution
		Debug|Any CPU = Debug|Any CPU
		Release|Any CPU = Release|Any CPU
	EndGlobalSection
	GlobalSection(ProjectConfigurationPlatforms) = postSolution
		{947A00A1-A751-4136-846F-78516AFF34F3}.Debug|Any CPU.ActiveCfg = Debug|Any CPU
		{947A00A1-A751-4136-846F-78516AFF34F3}.Debug|Any CPU.Build.0 = Debug|Any CPU
		{947A00A1-A751-4136-846F-78516AFF34F3}.Release|Any CPU.ActiveCfg = Release|Any CPU
		{947A00A1-A751-4136-846F-78516AFF34F3}.Release|Any CPU.Build.0 = Release|Any CPU
	EndGlobalSection
	GlobalSection(SolutionProperties) = preSolution
		HideSolutionNode = FALSE
	EndGlobalSection
	GlobalSection(ExtensibilityGlobals) = postSolution
		SolutionGuid = {46974E81-46E3-41E1-810D-235C3307AE74}
	EndGlobalSection
EndGlobal
